
Microsoft Visual Studio Solution File, Format Version 12.00
# Visual Studio 15
VisualStudioVersion = 15.0.27703.2047
MinimumVisualStudioVersion = 10.0.40219.1
Project("{FAE04EC0-301F-11D3-BF4B-00C04F79EFBC}") = "MyFinance", "MyFinance\MyFinance.csproj", "{BA97877B-D5A2-43C2-81C6-5CC7486B9FCD}"
EndProject
Global
	GlobalSection(SolutionConfigurationPlatforms) = preSolution
		Debug|Any CPU = Debug|Any CPU
		Release|Any CPU = Release|Any CPU
	EndGlobalSection
	GlobalSection(ProjectConfigurationPlatforms) = postSolution
		{BA97877B-D5A2-43C2-81C6-5CC7486B9FCD}.Debug|Any CPU.ActiveCfg = Debug|Any CPU
		{BA97877B-D5A2-43C2-81C6-5CC7486B9FCD}.Debug|Any CPU.Build.0 = Debug|Any CPU
		{BA97877B-D5A2-43C2-81C6-5CC7486B9FCD}.Release|Any CPU.ActiveCfg = Release|Any CPU
		{BA97877B-D5A2-43C2-81C6-5CC7486B9FCD}.Release|Any CPU.Build.0 = Release|Any CPU
	EndGlobalSection
	GlobalSection(SolutionProperties) = preSolution
		HideSolutionNode = FALSE
	EndGlobalSection
	GlobalSection(ExtensibilityGlobals) = postSolution
		SolutionGuid = {A280FC47-7A51-437C-9478-65F08E6BF040}
	EndGlobalSection
EndGlobal
